
Microsoft Visual Studio Solution File, Format Version 12.00
# Visual Studio Version 17
VisualStudioVersion = 17.5.002.0
MinimumVisualStudioVersion = 10.0.40219.1
Project("{9A19103F-16F7-4668-BE54-9A1E7A4F7556}") = "CG_N4_Exemplo", "CG_N4_Exemplo.csproj", "{C088D116-4C89-4543-A8EE-FB8A57FD0B5E}"
EndProject
Global
	GlobalSection(SolutionConfigurationPlatforms) = preSolution
		Debug|Any CPU = Debug|Any CPU
		Release|Any CPU = Release|Any CPU
	EndGlobalSection
	GlobalSection(ProjectConfigurationPlatforms) = postSolution
		{C088D116-4C89-4543-A8EE-FB8A57FD0B5E}.Debug|Any CPU.ActiveCfg = Debug|Any CPU
		{C088D116-4C89-4543-A8EE-FB8A57FD0B5E}.Debug|Any CPU.Build.0 = Debug|Any CPU
		{C088D116-4C89-4543-A8EE-FB8A57FD0B5E}.Release|Any CPU.ActiveCfg = Release|Any CPU
		{C088D116-4C89-4543-A8EE-FB8A57FD0B5E}.Release|Any CPU.Build.0 = Release|Any CPU
	EndGlobalSection
	GlobalSection(SolutionProperties) = preSolution
		HideSolutionNode = FALSE
	EndGlobalSection
	GlobalSection(ExtensibilityGlobals) = postSolution
		SolutionGuid = {2ED8C38A-20F5-4151-9BB4-C05A4AD0F542}
	EndGlobalSection
EndGlobal
